
Microsoft Visual Studio Solution File, Format Version 12.00
# Visual Studio 15
VisualStudioVersion = 15.0.27703.2035
MinimumVisualStudioVersion = 10.0.40219.1
Project("{FAE04EC0-301F-11D3-BF4B-00C04F79EFBC}") = "Worker Assignment", "Worker Assignment\Worker Assignment.csproj", "{2639C59A-5A95-4E13-8A89-64853A2FF7FC}"
EndProject
Global
	GlobalSection(SolutionConfigurationPlatforms) = preSolution
		Debug|Any CPU = Debug|Any CPU
		Release|Any CPU = Release|Any CPU
	EndGlobalSection
	GlobalSection(ProjectConfigurationPlatforms) = postSolution
		{2639C59A-5A95-4E13-8A89-64853A2FF7FC}.Debug|Any CPU.ActiveCfg = Debug|Any CPU
		{2639C59A-5A95-4E13-8A89-64853A2FF7FC}.Debug|Any CPU.Build.0 = Debug|Any CPU
		{2639C59A-5A95-4E13-8A89-64853A2FF7FC}.Release|Any CPU.ActiveCfg = Release|Any CPU
		{2639C59A-5A95-4E13-8A89-64853A2FF7FC}.Release|Any CPU.Build.0 = Release|Any CPU
	EndGlobalSection
	GlobalSection(SolutionProperties) = preSolution
		HideSolutionNode = FALSE
	EndGlobalSection
	GlobalSection(ExtensibilityGlobals) = postSolution
		SolutionGuid = {FD41438F-F311-45F3-942E-8DD036F65BDA}
	EndGlobalSection
EndGlobal
